// !$*UTF8*$!
{
	archiveVersion = 1;
	classes = {
	};
	objectVersion = 55;
	objects = {

/* Begin PBXBuildFile section */
		FA2A0F2C2837E14300D4558C /* intuneApp.swift in Sources */ = {isa = PBXBuildFile; fileRef = FA2A0F2B2837E14300D4558C /* intuneApp.swift */; };
		FA2A0F2E2837E14300D4558C /* ContentView.swift in Sources */ = {isa = PBXBuildFile; fileRef = FA2A0F2D2837E14300D4558C /* ContentView.swift */; };
		FA2A0F302837E14700D4558C /* Assets.xcassets in Resources */ = {isa = PBXBuildFile; fileRef = FA2A0F2F2837E14700D4558C /* Assets.xcassets */; };
		FA2A0F332837E14700D4558C /* Preview Assets.xcassets in Resources */ = {isa = PBXBuildFile; fileRef = FA2A0F322837E14700D4558C /* Preview Assets.xcassets */; };
		FA2A0F3D2837E14700D4558C /* intuneTests.swift in Sources */ = {isa = PBXBuildFile; fileRef = FA2A0F3C2837E14700D4558C /* intuneTests.swift */; };
		FA2A0F472837E14700D4558C /* intuneUITests.swift in Sources */ = {isa = PBXBuildFile; fileRef = FA2A0F462837E14700D4558C /* intuneUITests.swift */; };
		FA2A0F492837E14700D4558C /* intuneUITestsLaunchTests.swift in Sources */ = {isa = PBXBuildFile; fileRef = FA2A0F482837E14700D4558C /* intuneUITestsLaunchTests.swift */; };
		FAA912152837E78600CBCAAF /* MessageUI.framework in Frameworks */ = {isa = PBXBuildFile; fileRef = FAA912142837E78600CBCAAF /* MessageUI.framework */; };
		FAA912172837E78C00CBCAAF /* Security.framework in Frameworks */ = {isa = PBXBuildFile; fileRef = FAA912162837E78C00CBCAAF /* Security.framework */; };
		FAA912192837E79300CBCAAF /* CoreServices.framework in Frameworks */ = {isa = PBXBuildFile; fileRef = FAA912182837E79300CBCAAF /* CoreServices.framework */; };
		FAA9121B2837E79900CBCAAF /* SystemConfiguration.framework in Frameworks */ = {isa = PBXBuildFile; fileRef = FAA9121A2837E79900CBCAAF /* SystemConfiguration.framework */; };
		FAA9121F2837E7AC00CBCAAF /* ImageIO.framework in Frameworks */ = {isa = PBXBuildFile; fileRef = FAA9121E2837E7AC00CBCAAF /* ImageIO.framework */; };
		FAA912212837E7B200CBCAAF /* LocalAuthentication.framework in Frameworks */ = {isa = PBXBuildFile; fileRef = FAA912202837E7B200CBCAAF /* LocalAuthentication.framework */; };
		FAA912232837E7BA00CBCAAF /* AudioToolbox.framework in Frameworks */ = {isa = PBXBuildFile; fileRef = FAA912222837E7BA00CBCAAF /* AudioToolbox.framework */; };
		FAA912252837E7C000CBCAAF /* QuartzCore.framework in Frameworks */ = {isa = PBXBuildFile; fileRef = FAA912242837E7C000CBCAAF /* QuartzCore.framework */; };
		FAA912272837E7C700CBCAAF /* WebKit.framework in Frameworks */ = {isa = PBXBuildFile; fileRef = FAA912262837E7C700CBCAAF /* WebKit.framework */; };
		FAF3C3FB2837E67200FC0895 /* IntuneMAMSwiftStub.xcframework in Frameworks */ = {isa = PBXBuildFile; fileRef = FAF3C3F82837E67200FC0895 /* IntuneMAMSwiftStub.xcframework */; };
		FAF3C3FC2837E67200FC0895 /* IntuneMAMSwiftStub.xcframework in Embed Frameworks */ = {isa = PBXBuildFile; fileRef = FAF3C3F82837E67200FC0895 /* IntuneMAMSwiftStub.xcframework */; settings = {ATTRIBUTES = (CodeSignOnCopy, RemoveHeadersOnCopy, ); }; };
		FAF3C3FD2837E67200FC0895 /* MSAL.xcframework in Frameworks */ = {isa = PBXBuildFile; fileRef = FAF3C3F92837E67200FC0895 /* MSAL.xcframework */; };
		FAF3C3FE2837E67200FC0895 /* MSAL.xcframework in Embed Frameworks */ = {isa = PBXBuildFile; fileRef = FAF3C3F92837E67200FC0895 /* MSAL.xcframework */; settings = {ATTRIBUTES = (CodeSignOnCopy, RemoveHeadersOnCopy, ); }; };
		FAF3C3FF2837E67200FC0895 /* IntuneMAMSwift.xcframework in Frameworks */ = {isa = PBXBuildFile; fileRef = FAF3C3FA2837E67200FC0895 /* IntuneMAMSwift.xcframework */; };
		FAF3C4002837E67200FC0895 /* IntuneMAMSwift.xcframework in Embed Frameworks */ = {isa = PBXBuildFile; fileRef = FAF3C3FA2837E67200FC0895 /* IntuneMAMSwift.xcframework */; settings = {ATTRIBUTES = (CodeSignOnCopy, RemoveHeadersOnCopy, ); }; };
/* End PBXBuildFile section */

/* Begin PBXContainerItemProxy section */
		FA2A0F392837E14700D4558C /* PBXContainerItemProxy */ = {
			isa = PBXContainerItemProxy;
			containerPortal = FA2A0F202837E14300D4558C /* Project object */;
			proxyType = 1;
			remoteGlobalIDString = FA2A0F272837E14300D4558C;
			remoteInfo = intune;
		};
		FA2A0F432837E14700D4558C /* PBXContainerItemProxy */ = {
			isa = PBXContainerItemProxy;
			containerPortal = FA2A0F202837E14300D4558C /* Project object */;
			proxyType = 1;
			remoteGlobalIDString = FA2A0F272837E14300D4558C;
			remoteInfo = intune;
		};
/* End PBXContainerItemProxy section */

/* Begin PBXCopyFilesBuildPhase section */
		FAF3C4012837E67200FC0895 /* Embed Frameworks */ = {
			isa = PBXCopyFilesBuildPhase;
			buildActionMask = 2147483647;
			dstPath = "";
			dstSubfolderSpec = 10;
			files = (
				FAF3C4002837E67200FC0895 /* IntuneMAMSwift.xcframework in Embed Frameworks */,
				FAF3C3FE2837E67200FC0895 /* MSAL.xcframework in Embed Frameworks */,
				FAF3C3FC2837E67200FC0895 /* IntuneMAMSwiftStub.xcframework in Embed Frameworks */,
			);
			name = "Embed Frameworks";
			runOnlyForDeploymentPostprocessing = 0;
		};
/* End PBXCopyFilesBuildPhase section */

/* Begin PBXFileReference section */
		FA2A0F282837E14300D4558C /* intune.app */ = {isa = PBXFileReference; explicitFileType = wrapper.application; includeInIndex = 0; path = intune.app; sourceTree = BUILT_PRODUCTS_DIR; };
		FA2A0F2B2837E14300D4558C /* intuneApp.swift */ = {isa = PBXFileReference; lastKnownFileType = sourcecode.swift; path = intuneApp.swift; sourceTree = "<group>"; };
		FA2A0F2D2837E14300D4558C /* ContentView.swift */ = {isa = PBXFileReference; lastKnownFileType = sourcecode.swift; path = ContentView.swift; sourceTree = "<group>"; };
		FA2A0F2F2837E14700D4558C /* Assets.xcassets */ = {isa = PBXFileReference; lastKnownFileType = folder.assetcatalog; path = Assets.xcassets; sourceTree = "<group>"; };
		FA2A0F322837E14700D4558C /* Preview Assets.xcassets */ = {isa = PBXFileReference; lastKnownFileType = folder.assetcatalog; path = "Preview Assets.xcassets"; sourceTree = "<group>"; };
		FA2A0F382837E14700D4558C /* intuneTests.xctest */ = {isa = PBXFileReference; explicitFileType = wrapper.cfbundle; includeInIndex = 0; path = intuneTests.xctest; sourceTree = BUILT_PRODUCTS_DIR; };
		FA2A0F3C2837E14700D4558C /* intuneTests.swift */ = {isa = PBXFileReference; lastKnownFileType = sourcecode.swift; path = intuneTests.swift; sourceTree = "<group>"; };
		FA2A0F422837E14700D4558C /* intuneUITests.xctest */ = {isa = PBXFileReference; explicitFileType = wrapper.cfbundle; includeInIndex = 0; path = intuneUITests.xctest; sourceTree = BUILT_PRODUCTS_DIR; };
		FA2A0F462837E14700D4558C /* intuneUITests.swift */ = {isa = PBXFileReference; lastKnownFileType = sourcecode.swift; path = intuneUITests.swift; sourceTree = "<group>"; };
		FA2A0F482837E14700D4558C /* intuneUITestsLaunchTests.swift */ = {isa = PBXFileReference; lastKnownFileType = sourcecode.swift; path = intuneUITestsLaunchTests.swift; sourceTree = "<group>"; };
		FAA912142837E78600CBCAAF /* MessageUI.framework */ = {isa = PBXFileReference; lastKnownFileType = wrapper.framework; name = MessageUI.framework; path = System/Library/Frameworks/MessageUI.framework; sourceTree = SDKROOT; };
		FAA912162837E78C00CBCAAF /* Security.framework */ = {isa = PBXFileReference; lastKnownFileType = wrapper.framework; name = Security.framework; path = System/Library/Frameworks/Security.framework; sourceTree = SDKROOT; };
		FAA912182837E79300CBCAAF /* CoreServices.framework */ = {isa = PBXFileReference; lastKnownFileType = wrapper.framework; name = CoreServices.framework; path = System/Library/Frameworks/CoreServices.framework; sourceTree = SDKROOT; };
		FAA9121A2837E79900CBCAAF /* SystemConfiguration.framework */ = {isa = PBXFileReference; lastKnownFileType = wrapper.framework; name = SystemConfiguration.framework; path = System/Library/Frameworks/SystemConfiguration.framework; sourceTree = SDKROOT; };
		FAA9121C2837E79E00CBCAAF /* libsqlite3.tbd */ = {isa = PBXFileReference; lastKnownFileType = "sourcecode.text-based-dylib-definition"; name = libsqlite3.tbd; path = usr/lib/libsqlite3.tbd; sourceTree = SDKROOT; };
		FAA9121D2837E7A600CBCAAF /* libc++.tbd */ = {isa = PBXFileReference; lastKnownFileType = "sourcecode.text-based-dylib-definition"; name = "libc++.tbd"; path = "usr/lib/libc++.tbd"; sourceTree = SDKROOT; };
		FAA9121E2837E7AC00CBCAAF /* ImageIO.framework */ = {isa = PBXFileReference; lastKnownFileType = wrapper.framework; name = ImageIO.framework; path = System/Library/Frameworks/ImageIO.framework; sourceTree = SDKROOT; };
		FAA912202837E7B200CBCAAF /* LocalAuthentication.framework */ = {isa = PBXFileReference; lastKnownFileType = wrapper.framework; name = LocalAuthentication.framework; path = System/Library/Frameworks/LocalAuthentication.framework; sourceTree = SDKROOT; };
		FAA912222837E7BA00CBCAAF /* AudioToolbox.framework */ = {isa = PBXFileReference; lastKnownFileType = wrapper.framework; name = AudioToolbox.framework; path = System/Library/Frameworks/AudioToolbox.framework; sourceTree = SDKROOT; };
		FAA912242837E7C000CBCAAF /* QuartzCore.framework */ = {isa = PBXFileReference; lastKnownFileType = wrapper.framework; name = QuartzCore.framework; path = System/Library/Frameworks/QuartzCore.framework; sourceTree = SDKROOT; };
		FAA912262837E7C700CBCAAF /* WebKit.framework */ = {isa = PBXFileReference; lastKnownFileType = wrapper.framework; name = WebKit.framework; path = System/Library/Frameworks/WebKit.framework; sourceTree = SDKROOT; };
		FAA912282837E81200CBCAAF /* intune.entitlements */ = {isa = PBXFileReference; lastKnownFileType = text.plist.entitlements; path = intune.entitlements; sourceTree = "<group>"; };
		FAA912292837E95700CBCAAF /* Info.plist */ = {isa = PBXFileReference; lastKnownFileType = text.plist; path = Info.plist; sourceTree = "<group>"; };
		FAF3C3F82837E67200FC0895 /* IntuneMAMSwiftStub.xcframework */ = {isa = PBXFileReference; lastKnownFileType = wrapper.xcframework; path = IntuneMAMSwiftStub.xcframework; sourceTree = "<group>"; };
		FAF3C3F92837E67200FC0895 /* MSAL.xcframework */ = {isa = PBXFileReference; lastKnownFileType = wrapper.xcframework; path = MSAL.xcframework; sourceTree = "<group>"; };
		FAF3C3FA2837E67200FC0895 /* IntuneMAMSwift.xcframework */ = {isa = PBXFileReference; lastKnownFileType = wrapper.xcframework; path = IntuneMAMSwift.xcframework; sourceTree = "<group>"; };
/* End PBXFileReference section */

/* Begin PBXFrameworksBuildPhase section */
		FA2A0F252837E14300D4558C /* Frameworks */ = {
			isa = PBXFrameworksBuildPhase;
			buildActionMask = 2147483647;
			files = (
				FAA9121F2837E7AC00CBCAAF /* ImageIO.framework in Frameworks */,
				FAA912212837E7B200CBCAAF /* LocalAuthentication.framework in Frameworks */,
				FAA912272837E7C700CBCAAF /* WebKit.framework in Frameworks */,
				FAF3C3FF2837E67200FC0895 /* IntuneMAMSwift.xcframework in Frameworks */,
				FAA912252837E7C000CBCAAF /* QuartzCore.framework in Frameworks */,
				FAA9121B2837E79900CBCAAF /* SystemConfiguration.framework in Frameworks */,
				FAA912192837E79300CBCAAF /* CoreServices.framework in Frameworks */,
				FAA912172837E78C00CBCAAF /* Security.framework in Frameworks */,
				FAF3C3FD2837E67200FC0895 /* MSAL.xcframework in Frameworks */,
				FAA912232837E7BA00CBCAAF /* AudioToolbox.framework in Frameworks */,
				FAA912152837E78600CBCAAF /* MessageUI.framework in Frameworks */,
				FAF3C3FB2837E67200FC0895 /* IntuneMAMSwiftStub.xcframework in Frameworks */,
			);
			runOnlyForDeploymentPostprocessing = 0;
		};
		FA2A0F352837E14700D4558C /* Frameworks */ = {
			isa = PBXFrameworksBuildPhase;
			buildActionMask = 2147483647;
			files = (
			);
			runOnlyForDeploymentPostprocessing = 0;
		};
		FA2A0F3F2837E14700D4558C /* Frameworks */ = {
			isa = PBXFrameworksBuildPhase;
			buildActionMask = 2147483647;
			files = (
			);
			runOnlyForDeploymentPostprocessing = 0;
		};
/* End PBXFrameworksBuildPhase section */

/* Begin PBXGroup section */
		FA2A0F1F2837E14300D4558C = {
			isa = PBXGroup;
			children = (
				FA2A0F2A2837E14300D4558C /* intune */,
				FA2A0F3B2837E14700D4558C /* intuneTests */,
				FA2A0F452837E14700D4558C /* intuneUITests */,
				FA2A0F292837E14300D4558C /* Products */,
				FAF3C3F72837E67200FC0895 /* Frameworks */,
			);
			sourceTree = "<group>";
		};
		FA2A0F292837E14300D4558C /* Products */ = {
			isa = PBXGroup;
			children = (
				FA2A0F282837E14300D4558C /* intune.app */,
				FA2A0F382837E14700D4558C /* intuneTests.xctest */,
				FA2A0F422837E14700D4558C /* intuneUITests.xctest */,
			);
			name = Products;
			sourceTree = "<group>";
		};
		FA2A0F2A2837E14300D4558C /* intune */ = {
			isa = PBXGroup;
			children = (
				FAA912292837E95700CBCAAF /* Info.plist */,
				FAA912282837E81200CBCAAF /* intune.entitlements */,
				FA2A0F2B2837E14300D4558C /* intuneApp.swift */,
				FA2A0F2D2837E14300D4558C /* ContentView.swift */,
				FA2A0F2F2837E14700D4558C /* Assets.xcassets */,
				FA2A0F312837E14700D4558C /* Preview Content */,
			);
			path = intune;
			sourceTree = "<group>";
		};
		FA2A0F312837E14700D4558C /* Preview Content */ = {
			isa = PBXGroup;
			children = (
				FA2A0F322837E14700D4558C /* Preview Assets.xcassets */,
			);
			path = "Preview Content";
			sourceTree = "<group>";
		};
		FA2A0F3B2837E14700D4558C /* intuneTests */ = {
			isa = PBXGroup;
			children = (
				FA2A0F3C2837E14700D4558C /* intuneTests.swift */,
			);
			path = intuneTests;
			sourceTree = "<group>";
		};
		FA2A0F452837E14700D4558C /* intuneUITests */ = {
			isa = PBXGroup;
			children = (
				FA2A0F462837E14700D4558C /* intuneUITests.swift */,
				FA2A0F482837E14700D4558C /* intuneUITestsLaunchTests.swift */,
			);
			path = intuneUITests;
			sourceTree = "<group>";
		};
		FAF3C3F72837E67200FC0895 /* Frameworks */ = {
			isa = PBXGroup;
			children = (
				FAA912262837E7C700CBCAAF /* WebKit.framework */,
				FAA912242837E7C000CBCAAF /* QuartzCore.framework */,
				FAA912222837E7BA00CBCAAF /* AudioToolbox.framework */,
				FAA912202837E7B200CBCAAF /* LocalAuthentication.framework */,
				FAA9121E2837E7AC00CBCAAF /* ImageIO.framework */,
				FAA9121D2837E7A600CBCAAF /* libc++.tbd */,
				FAA9121C2837E79E00CBCAAF /* libsqlite3.tbd */,
				FAA9121A2837E79900CBCAAF /* SystemConfiguration.framework */,
				FAA912182837E79300CBCAAF /* CoreServices.framework */,
				FAA912162837E78C00CBCAAF /* Security.framework */,
				FAA912142837E78600CBCAAF /* MessageUI.framework */,
				FAF3C3FA2837E67200FC0895 /* IntuneMAMSwift.xcframework */,
				FAF3C3F82837E67200FC0895 /* IntuneMAMSwiftStub.xcframework */,
				FAF3C3F92837E67200FC0895 /* MSAL.xcframework */,
			);
			name = Frameworks;
			sourceTree = "<group>";
		};
/* End PBXGroup section */

/* Begin PBXNativeTarget section */
		FA2A0F272837E14300D4558C /* intune */ = {
			isa = PBXNativeTarget;
			buildConfigurationList = FA2A0F4C2837E14700D4558C /* Build configuration list for PBXNativeTarget "intune" */;
			buildPhases = (
				FA2A0F242837E14300D4558C /* Sources */,
				FA2A0F252837E14300D4558C /* Frameworks */,
				FA2A0F262837E14300D4558C /* Resources */,
				FAF3C4012837E67200FC0895 /* Embed Frameworks */,
			);
			buildRules = (
			);
			dependencies = (
			);
			name = intune;
			productName = intune;
			productReference = FA2A0F282837E14300D4558C /* intune.app */;
			productType = "com.apple.product-type.application";
		};
		FA2A0F372837E14700D4558C /* intuneTests */ = {
			isa = PBXNativeTarget;
			buildConfigurationList = FA2A0F4F2837E14700D4558C /* Build configuration list for PBXNativeTarget "intuneTests" */;
			buildPhases = (
				FA2A0F342837E14700D4558C /* Sources */,
				FA2A0F352837E14700D4558C /* Frameworks */,
				FA2A0F362837E14700D4558C /* Resources */,
			);
			buildRules = (
			);
			dependencies = (
				FA2A0F3A2837E14700D4558C /* PBXTargetDependency */,
			);
			name = intuneTests;
			productName = intuneTests;
			productReference = FA2A0F382837E14700D4558C /* intuneTests.xctest */;
			productType = "com.apple.product-type.bundle.unit-test";
		};
		FA2A0F412837E14700D4558C /* intuneUITests */ = {
			isa = PBXNativeTarget;
			buildConfigurationList = FA2A0F522837E14700D4558C /* Build configuration list for PBXNativeTarget "intuneUITests" */;
			buildPhases = (
				FA2A0F3E2837E14700D4558C /* Sources */,
				FA2A0F3F2837E14700D4558C /* Frameworks */,
				FA2A0F402837E14700D4558C /* Resources */,
			);
			buildRules = (
			);
			dependencies = (
				FA2A0F442837E14700D4558C /* PBXTargetDependency */,
			);
			name = intuneUITests;
			productName = intuneUITests;
			productReference = FA2A0F422837E14700D4558C /* intuneUITests.xctest */;
			productType = "com.apple.product-type.bundle.ui-testing";
		};
/* End PBXNativeTarget section */

/* Begin PBXProject section */
		FA2A0F202837E14300D4558C /* Project object */ = {
			isa = PBXProject;
			attributes = {
				BuildIndependentTargetsInParallel = 1;
				LastSwiftUpdateCheck = 1340;
				LastUpgradeCheck = 1340;
				TargetAttributes = {
					FA2A0F272837E14300D4558C = {
						CreatedOnToolsVersion = 13.4;
					};
					FA2A0F372837E14700D4558C = {
						CreatedOnToolsVersion = 13.4;
						TestTargetID = FA2A0F272837E14300D4558C;
					};
					FA2A0F412837E14700D4558C = {
						CreatedOnToolsVersion = 13.4;
						TestTargetID = FA2A0F272837E14300D4558C;
					};
				};
			};
			buildConfigurationList = FA2A0F232837E14300D4558C /* Build configuration list for PBXProject "intune" */;
			compatibilityVersion = "Xcode 13.0";
			developmentRegion = en;
			hasScannedForEncodings = 0;
			knownRegions = (
				en,
				Base,
			);
			mainGroup = FA2A0F1F2837E14300D4558C;
			productRefGroup = FA2A0F292837E14300D4558C /* Products */;
			projectDirPath = "";
			projectRoot = "";
			targets = (
				FA2A0F272837E14300D4558C /* intune */,
				FA2A0F372837E14700D4558C /* intuneTests */,
				FA2A0F412837E14700D4558C /* intuneUITests */,
			);
		};
/* End PBXProject section */

/* Begin PBXResourcesBuildPhase section */
		FA2A0F262837E14300D4558C /* Resources */ = {
			isa = PBXResourcesBuildPhase;
			buildActionMask = 2147483647;
			files = (
				FA2A0F332837E14700D4558C /* Preview Assets.xcassets in Resources */,
				FA2A0F302837E14700D4558C /* Assets.xcassets in Resources */,
			);
			runOnlyForDeploymentPostprocessing = 0;
		};
		FA2A0F362837E14700D4558C /* Resources */ = {
			isa = PBXResourcesBuildPhase;
			buildActionMask = 2147483647;
			files = (
			);
			runOnlyForDeploymentPostprocessing = 0;
		};
		FA2A0F402837E14700D4558C /* Resources */ = {
			isa = PBXResourcesBuildPhase;
			buildActionMask = 2147483647;
			files = (
			);
			runOnlyForDeploymentPostprocessing = 0;
		};
/* End PBXResourcesBuildPhase section */

/* Begin PBXSourcesBuildPhase section */
		FA2A0F242837E14300D4558C /* Sources */ = {
			isa = PBXSourcesBuildPhase;
			buildActionMask = 2147483647;
			files = (
				FA2A0F2E2837E14300D4558C /* ContentView.swift in Sources */,
				FA2A0F2C2837E14300D4558C /* intuneApp.swift in Sources */,
			);
			runOnlyForDeploymentPostprocessing = 0;
		};
		FA2A0F342837E14700D4558C /* Sources */ = {
			isa = PBXSourcesBuildPhase;
			buildActionMask = 2147483647;
			files = (
				FA2A0F3D2837E14700D4558C /* intuneTests.swift in Sources */,
			);
			runOnlyForDeploymentPostprocessing = 0;
		};
		FA2A0F3E2837E14700D4558C /* Sources */ = {
			isa = PBXSourcesBuildPhase;
			buildActionMask = 2147483647;
			files = (
				FA2A0F472837E14700D4558C /* intuneUITests.swift in Sources */,
				FA2A0F492837E14700D4558C /* intuneUITestsLaunchTests.swift in Sources */,
			);
			runOnlyForDeploymentPostprocessing = 0;
		};
/* End PBXSourcesBuildPhase section */

/* Begin PBXTargetDependency section */
		FA2A0F3A2837E14700D4558C /* PBXTargetDependency */ = {
			isa = PBXTargetDependency;
			target = FA2A0F272837E14300D4558C /* intune */;
			targetProxy = FA2A0F392837E14700D4558C /* PBXContainerItemProxy */;
		};
		FA2A0F442837E14700D4558C /* PBXTargetDependency */ = {
			isa = PBXTargetDependency;
			target = FA2A0F272837E14300D4558C /* intune */;
			targetProxy = FA2A0F432837E14700D4558C /* PBXContainerItemProxy */;
		};
/* End PBXTargetDependency section */

/* Begin XCBuildConfiguration section */
		FA2A0F4A2837E14700D4558C /* Debug */ = {
			isa = XCBuildConfiguration;
			buildSettings = {
				ALWAYS_SEARCH_USER_PATHS = NO;
				CLANG_ANALYZER_NONNULL = YES;
				CLANG_ANALYZER_NUMBER_OBJECT_CONVERSION = YES_AGGRESSIVE;
				CLANG_CXX_LANGUAGE_STANDARD = "gnu++17";
				CLANG_ENABLE_MODULES = YES;
				CLANG_ENABLE_OBJC_ARC = YES;
				CLANG_ENABLE_OBJC_WEAK = YES;
				CLANG_WARN_BLOCK_CAPTURE_AUTORELEASING = YES;
				CLANG_WARN_BOOL_CONVERSION = YES;
				CLANG_WARN_COMMA = YES;
				CLANG_WARN_CONSTANT_CONVERSION = YES;
				CLANG_WARN_DEPRECATED_OBJC_IMPLEMENTATIONS = YES;
				CLANG_WARN_DIRECT_OBJC_ISA_USAGE = YES_ERROR;
				CLANG_WARN_DOCUMENTATION_COMMENTS = YES;
				CLANG_WARN_EMPTY_BODY = YES;
				CLANG_WARN_ENUM_CONVERSION = YES;
				CLANG_WARN_INFINITE_RECURSION = YES;
				CLANG_WARN_INT_CONVERSION = YES;
				CLANG_WARN_NON_LITERAL_NULL_CONVERSION = YES;
				CLANG_WARN_OBJC_IMPLICIT_RETAIN_SELF = YES;
				CLANG_WARN_OBJC_LITERAL_CONVERSION = YES;
				CLANG_WARN_OBJC_ROOT_CLASS = YES_ERROR;
				CLANG_WARN_QUOTED_INCLUDE_IN_FRAMEWORK_HEADER = YES;
				CLANG_WARN_RANGE_LOOP_ANALYSIS = YES;
				CLANG_WARN_STRICT_PROTOTYPES = YES;
				CLANG_WARN_SUSPICIOUS_MOVE = YES;
				CLANG_WARN_UNGUARDED_AVAILABILITY = YES_AGGRESSIVE;
				CLANG_WARN_UNREACHABLE_CODE = YES;
				CLANG_WARN__DUPLICATE_METHOD_MATCH = YES;
				COPY_PHASE_STRIP = NO;
				DEBUG_INFORMATION_FORMAT = dwarf;
				ENABLE_STRICT_OBJC_MSGSEND = YES;
				ENABLE_TESTABILITY = YES;
				GCC_C_LANGUAGE_STANDARD = gnu11;
				GCC_DYNAMIC_NO_PIC = NO;
				GCC_NO_COMMON_BLOCKS = YES;
				GCC_OPTIMIZATION_LEVEL = 0;
				GCC_PREPROCESSOR_DEFINITIONS = (
					"DEBUG=1",
					"$(inherited)",
				);
				GCC_WARN_64_TO_32_BIT_CONVERSION = YES;
				GCC_WARN_ABOUT_RETURN_TYPE = YES_ERROR;
				GCC_WARN_UNDECLARED_SELECTOR = YES;
				GCC_WARN_UNINITIALIZED_AUTOS = YES_AGGRESSIVE;
				GCC_WARN_UNUSED_FUNCTION = YES;
				GCC_WARN_UNUSED_VARIABLE = YES;
				IPHONEOS_DEPLOYMENT_TARGET = 15.5;
				MTL_ENABLE_DEBUG_INFO = INCLUDE_SOURCE;
				MTL_FAST_MATH = YES;
				ONLY_ACTIVE_ARCH = YES;
				SDKROOT = iphoneos;
				SWIFT_ACTIVE_COMPILATION_CONDITIONS = DEBUG;
				SWIFT_OPTIMIZATION_LEVEL = "-Onone";
			};
			name = Debug;
		};
		FA2A0F4B2837E14700D4558C /* Release */ = {
			isa = XCBuildConfiguration;
			buildSettings = {
				ALWAYS_SEARCH_USER_PATHS = NO;
				CLANG_ANALYZER_NONNULL = YES;
				CLANG_ANALYZER_NUMBER_OBJECT_CONVERSION = YES_AGGRESSIVE;
				CLANG_CXX_LANGUAGE_STANDARD = "gnu++17";
				CLANG_ENABLE_MODULES = YES;
				CLANG_ENABLE_OBJC_ARC = YES;
				CLANG_ENABLE_OBJC_WEAK = YES;
				CLANG_WARN_BLOCK_CAPTURE_AUTORELEASING = YES;
				CLANG_WARN_BOOL_CONVERSION = YES;
				CLANG_WARN_COMMA = YES;
				CLANG_WARN_CONSTANT_CONVERSION = YES;
				CLANG_WARN_DEPRECATED_OBJC_IMPLEMENTATIONS = YES;
				CLANG_WARN_DIRECT_OBJC_ISA_USAGE = YES_ERROR;
				CLANG_WARN_DOCUMENTATION_COMMENTS = YES;
				CLANG_WARN_EMPTY_BODY = YES;
				CLANG_WARN_ENUM_CONVERSION = YES;
				CLANG_WARN_INFINITE_RECURSION = YES;
				CLANG_WARN_INT_CONVERSION = YES;
				CLANG_WARN_NON_LITERAL_NULL_CONVERSION = YES;
				CLANG_WARN_OBJC_IMPLICIT_RETAIN_SELF = YES;
				CLANG_WARN_OBJC_LITERAL_CONVERSION = YES;
				CLANG_WARN_OBJC_ROOT_CLASS = YES_ERROR;
				CLANG_WARN_QUOTED_INCLUDE_IN_FRAMEWORK_HEADER = YES;
				CLANG_WARN_RANGE_LOOP_ANALYSIS = YES;
				CLANG_WARN_STRICT_PROTOTYPES = YES;
				CLANG_WARN_SUSPICIOUS_MOVE = YES;
				CLANG_WARN_UNGUARDED_AVAILABILITY = YES_AGGRESSIVE;
				CLANG_WARN_UNREACHABLE_CODE = YES;
				CLANG_WARN__DUPLICATE_METHOD_MATCH = YES;
				COPY_PHASE_STRIP = NO;
				DEBUG_INFORMATION_FORMAT = "dwarf-with-dsym";
				ENABLE_NS_ASSERTIONS = NO;
				ENABLE_STRICT_OBJC_MSGSEND = YES;
				GCC_C_LANGUAGE_STANDARD = gnu11;
				GCC_NO_COMMON_BLOCKS = YES;
				GCC_WARN_64_TO_32_BIT_CONVERSION = YES;
				GCC_WARN_ABOUT_RETURN_TYPE = YES_ERROR;
				GCC_WARN_UNDECLARED_SELECTOR = YES;
				GCC_WARN_UNINITIALIZED_AUTOS = YES_AGGRESSIVE;
				GCC_WARN_UNUSED_FUNCTION = YES;
				GCC_WARN_UNUSED_VARIABLE = YES;
				IPHONEOS_DEPLOYMENT_TARGET = 15.5;
				MTL_ENABLE_DEBUG_INFO = NO;
				MTL_FAST_MATH = YES;
				SDKROOT = iphoneos;
				SWIFT_COMPILATION_MODE = wholemodule;
				SWIFT_OPTIMIZATION_LEVEL = "-O";
				VALIDATE_PRODUCT = YES;
			};
			name = Release;
		};
		FA2A0F4D2837E14700D4558C /* Debug */ = {
			isa = XCBuildConfiguration;
			buildSettings = {
				ASSETCATALOG_COMPILER_APPICON_NAME = AppIcon;
				ASSETCATALOG_COMPILER_GLOBAL_ACCENT_COLOR_NAME = AccentColor;
				CODE_SIGN_ENTITLEMENTS = intune/intune.entitlements;
				CODE_SIGN_STYLE = Automatic;
				CURRENT_PROJECT_VERSION = 1;
				DEVELOPMENT_ASSET_PATHS = "\"intune/Preview Content\"";
				ENABLE_PREVIEWS = YES;
				GENERATE_INFOPLIST_FILE = YES;
				INFOPLIST_FILE = intune/Info.plist;
				INFOPLIST_KEY_UIApplicationSceneManifest_Generation = YES;
				INFOPLIST_KEY_UIApplicationSupportsIndirectInputEvents = YES;
				INFOPLIST_KEY_UILaunchScreen_Generation = YES;
				INFOPLIST_KEY_UISupportedInterfaceOrientations_iPad = "UIInterfaceOrientationPortrait UIInterfaceOrientationPortraitUpsideDown UIInterfaceOrientationLandscapeLeft UIInterfaceOrientationLandscapeRight";
				INFOPLIST_KEY_UISupportedInterfaceOrientations_iPhone = "UIInterfaceOrientationPortrait UIInterfaceOrientationLandscapeLeft UIInterfaceOrientationLandscapeRight";
				LD_RUNPATH_SEARCH_PATHS = (
					"$(inherited)",
					"@executable_path/Frameworks",
				);
				MARKETING_VERSION = 1.0;
				PRODUCT_BUNDLE_IDENTIFIER = com.gmail.oximeeg.example.intune.swiftui;
				PRODUCT_NAME = "$(TARGET_NAME)";
				SWIFT_EMIT_LOC_STRINGS = YES;
				SWIFT_VERSION = 5.0;
				TARGETED_DEVICE_FAMILY = "1,2";
			};
			name = Debug;
		};
		FA2A0F4E2837E14700D4558C /* Release */ = {
			isa = XCBuildConfiguration;
			buildSettings = {
				ASSETCATALOG_COMPILER_APPICON_NAME = AppIcon;
				ASSETCATALOG_COMPILER_GLOBAL_ACCENT_COLOR_NAME = AccentColor;
				CODE_SIGN_ENTITLEMENTS = intune/intune.entitlements;
				CODE_SIGN_STYLE = Automatic;
				CURRENT_PROJECT_VERSION = 1;
				DEVELOPMENT_ASSET_PATHS = "\"intune/Preview Content\"";
				ENABLE_PREVIEWS = YES;
				GENERATE_INFOPLIST_FILE = YES;
				INFOPLIST_FILE = intune/Info.plist;
				INFOPLIST_KEY_UIApplicationSceneManifest_Generation = YES;
				INFOPLIST_KEY_UIApplicationSupportsIndirectInputEvents = YES;
				INFOPLIST_KEY_UILaunchScreen_Generation = YES;
				INFOPLIST_KEY_UISupportedInterfaceOrientations_iPad = "UIInterfaceOrientationPortrait UIInterfaceOrientationPortraitUpsideDown UIInterfaceOrientationLandscapeLeft UIInterfaceOrientationLandscapeRight";
				INFOPLIST_KEY_UISupportedInterfaceOrientations_iPhone = "UIInterfaceOrientationPortrait UIInterfaceOrientationLandscapeLeft UIInterfaceOrientationLandscapeRight";
				LD_RUNPATH_SEARCH_PATHS = (
					"$(inherited)",
					"@executable_path/Frameworks",
				);
				MARKETING_VERSION = 1.0;
				PRODUCT_BUNDLE_IDENTIFIER = com.gmail.oximeeg.example.intune.swiftui;
				PRODUCT_NAME = "$(TARGET_NAME)";
				SWIFT_EMIT_LOC_STRINGS = YES;
				SWIFT_VERSION = 5.0;
				TARGETED_DEVICE_FAMILY = "1,2";
			};
			name = Release;
		};
		FA2A0F502837E14700D4558C /* Debug */ = {
			isa = XCBuildConfiguration;
			buildSettings = {
				ALWAYS_EMBED_SWIFT_STANDARD_LIBRARIES = YES;
				BUNDLE_LOADER = "$(TEST_HOST)";
				CODE_SIGN_STYLE = Automatic;
				CURRENT_PROJECT_VERSION = 1;
				GENERATE_INFOPLIST_FILE = YES;
				IPHONEOS_DEPLOYMENT_TARGET = 15.5;
				MARKETING_VERSION = 1.0;
				PRODUCT_BUNDLE_IDENTIFIER = com.gmail.oximeeg.example.intune.swiftui.intuneTests;
				PRODUCT_NAME = "$(TARGET_NAME)";
				SWIFT_EMIT_LOC_STRINGS = NO;
				SWIFT_VERSION = 5.0;
				TARGETED_DEVICE_FAMILY = "1,2";
				TEST_HOST = "$(BUILT_PRODUCTS_DIR)/intune.app/intune";
			};
			name = Debug;
		};
		FA2A0F512837E14700D4558C /* Release */ = {
			isa = XCBuildConfiguration;
			buildSettings = {
				ALWAYS_EMBED_SWIFT_STANDARD_LIBRARIES = YES;
				BUNDLE_LOADER = "$(TEST_HOST)";
				CODE_SIGN_STYLE = Automatic;
				CURRENT_PROJECT_VERSION = 1;
				GENERATE_INFOPLIST_FILE = YES;
				IPHONEOS_DEPLOYMENT_TARGET = 15.5;
				MARKETING_VERSION = 1.0;
				PRODUCT_BUNDLE_IDENTIFIER = com.gmail.oximeeg.example.intune.swiftui.intuneTests;
				PRODUCT_NAME = "$(TARGET_NAME)";
				SWIFT_EMIT_LOC_STRINGS = NO;
				SWIFT_VERSION = 5.0;
				TARGETED_DEVICE_FAMILY = "1,2";
				TEST_HOST = "$(BUILT_PRODUCTS_DIR)/intune.app/intune";
			};
			name = Release;
		};
		FA2A0F532837E14700D4558C /* Debug */ = {
			isa = XCBuildConfiguration;
			buildSettings = {
				ALWAYS_EMBED_SWIFT_STANDARD_LIBRARIES = YES;
				CODE_SIGN_STYLE = Automatic;
				CURRENT_PROJECT_VERSION = 1;
				GENERATE_INFOPLIST_FILE = YES;
				MARKETING_VERSION = 1.0;
				PRODUCT_BUNDLE_IDENTIFIER = com.gmail.oximeeg.example.intune.swiftui.intuneUITests;
				PRODUCT_NAME = "$(TARGET_NAME)";
				SWIFT_EMIT_LOC_STRINGS = NO;
				SWIFT_VERSION = 5.0;
				TARGETED_DEVICE_FAMILY = "1,2";
				TEST_TARGET_NAME = intune;
			};
			name = Debug;
		};
		FA2A0F542837E14700D4558C /* Release */ = {
			isa = XCBuildConfiguration;
			buildSettings = {
				ALWAYS_EMBED_SWIFT_STANDARD_LIBRARIES = YES;
				CODE_SIGN_STYLE = Automatic;
				CURRENT_PROJECT_VERSION = 1;
				GENERATE_INFOPLIST_FILE = YES;
				MARKETING_VERSION = 1.0;
				PRODUCT_BUNDLE_IDENTIFIER = com.gmail.oximeeg.example.intune.swiftui.intuneUITests;
				PRODUCT_NAME = "$(TARGET_NAME)";
				SWIFT_EMIT_LOC_STRINGS = NO;
				SWIFT_VERSION = 5.0;
				TARGETED_DEVICE_FAMILY = "1,2";
				TEST_TARGET_NAME = intune;
			};
			name = Release;
		};
/* End XCBuildConfiguration section */

/* Begin XCConfigurationList section */
		FA2A0F232837E14300D4558C /* Build configuration list for PBXProject "intune" */ = {
			isa = XCConfigurationList;
			buildConfigurations = (
				FA2A0F4A2837E14700D4558C /* Debug */,
				FA2A0F4B2837E14700D4558C /* Release */,
			);
			defaultConfigurationIsVisible = 0;
			defaultConfigurationName = Release;
		};
		FA2A0F4C2837E14700D4558C /* Build configuration list for PBXNativeTarget "intune" */ = {
			isa = XCConfigurationList;
			buildConfigurations = (
				FA2A0F4D2837E14700D4558C /* Debug */,
				FA2A0F4E2837E14700D4558C /* Release */,
			);
			defaultConfigurationIsVisible = 0;
			defaultConfigurationName = Release;
		};
		FA2A0F4F2837E14700D4558C /* Build configuration list for PBXNativeTarget "intuneTests" */ = {
			isa = XCConfigurationList;
			buildConfigurations = (
				FA2A0F502837E14700D4558C /* Debug */,
				FA2A0F512837E14700D4558C /* Release */,
			);
			defaultConfigurationIsVisible = 0;
			defaultConfigurationName = Release;
		};
		FA2A0F522837E14700D4558C /* Build configuration list for PBXNativeTarget "intuneUITests" */ = {
			isa = XCConfigurationList;
			buildConfigurations = (
				FA2A0F532837E14700D4558C /* Debug */,
				FA2A0F542837E14700D4558C /* Release */,
			);
			defaultConfigurationIsVisible = 0;
			defaultConfigurationName = Release;
		};
/* End XCConfigurationList section */
	};
	rootObject = FA2A0F202837E14300D4558C /* Project object */;
}
